
Microsoft Visual Studio Solution File, Format Version 12.00
# Visual Studio 14
VisualStudioVersion = 14.0.25123.0
MinimumVisualStudioVersion = 10.0.40219.1
Project("{FAE04EC0-301F-11D3-BF4B-00C04F79EFBC}") = "CurrentController", "CurrentController\CurrentController.csproj", "{2C3B8096-72FC-43B5-B496-C26035D437D1}"
EndProject
Project("{FAE04EC0-301F-11D3-BF4B-00C04F79EFBC}") = "CurrentController_WiFi", "CurrentController_WiFi\CurrentController_WiFi.csproj", "{BC270887-3606-4615-8745-327FE48E8380}"
EndProject
Global
	GlobalSection(SolutionConfigurationPlatforms) = preSolution
		Debug|Any CPU = Debug|Any CPU
		Release|Any CPU = Release|Any CPU
	EndGlobalSection
	GlobalSection(ProjectConfigurationPlatforms) = postSolution
		{2C3B8096-72FC-43B5-B496-C26035D437D1}.Debug|Any CPU.ActiveCfg = Debug|Any CPU
		{2C3B8096-72FC-43B5-B496-C26035D437D1}.Debug|Any CPU.Build.0 = Debug|Any CPU
		{2C3B8096-72FC-43B5-B496-C26035D437D1}.Release|Any CPU.ActiveCfg = Release|Any CPU
		{2C3B8096-72FC-43B5-B496-C26035D437D1}.Release|Any CPU.Build.0 = Release|Any CPU
		{BC270887-3606-4615-8745-327FE48E8380}.Debug|Any CPU.ActiveCfg = Debug|Any CPU
		{BC270887-3606-4615-8745-327FE48E8380}.Debug|Any CPU.Build.0 = Debug|Any CPU
		{BC270887-3606-4615-8745-327FE48E8380}.Release|Any CPU.ActiveCfg = Release|Any CPU
		{BC270887-3606-4615-8745-327FE48E8380}.Release|Any CPU.Build.0 = Release|Any CPU
	EndGlobalSection
	GlobalSection(SolutionProperties) = preSolution
		HideSolutionNode = FALSE
	EndGlobalSection
EndGlobal
